<?xml version="1.0" encoding="utf-8"?>
<Project ToolsVersion="4.0" xmlns="http://schemas.microsoft.com/developer/msbuild/2003">
  <ItemGroup>
    <Filter Include="Source Files">
      <UniqueIdentifier>{4FC737F1-C7A5-4376-A066-2A32D752A2FF}</UniqueIdentifier>
      <Extensions>cpp;c;cc;cxx;def;odl;idl;hpj;bat;asm;asmx</Extensions>
    </Filter>
    <Filter Include="Header Files">
      <UniqueIdentifier>{93995380-89BD-4b04-88EB-625FBE52EBFB}</UniqueIdentifier>
      <Extensions>h;hh;hpp;hxx;hm;inl;inc;xsd</Extensions>
    </Filter>
    <Filter Include="Resource Files">
      <UniqueIdentifier>{67DA6AB6-F800-4c08-8B7A-83BB121AAD01}</UniqueIdentifier>
      <Extensions>rc;ico;cur;bmp;dlg;rc2;rct;bin;rgs;gif;jpg;jpeg;jpe;resx;tiff;tif;png;wav;mfcribbon-ms</Extensions>
    </Filter>
  </ItemGroup>
  <ItemGroup>
    <Text Include="ReadMe.txt" />
  </ItemGroup>
  <ItemGroup>
    <ClInclude Include="QEPU_Lib\Misc\Utils\utils.h">
      <Filter>Header Files</Filter>
    </ClInclude>
    <ClInclude Include="QEPU_Lib\stdafx.h">
      <Filter>Header Files</Filter>
    </ClInclude>
    <ClInclude Include="QEPU_Lib\Globals\qepu_constants.h">
      <Filter>Header Files</Filter>
    </ClInclude>
    <ClInclude Include="QEPU_Lib\targetver.h">
      <Filter>Header Files</Filter>
    </ClInclude>
    <ClInclude Include="QEPU_Lib\core\cpu\quantum_cpu\qepu.h">
      <Filter>Header Files</Filter>
    </ClInclude>
    <ClInclude Include="QEPU_Lib\core\modules\io\i2c\eeprom\eeprom.h">
      <Filter>Header Files</Filter>
    </ClInclude>
    <ClInclude Include="QEPU_Lib\core\modules\io\keyboard\keyboard.h">
      <Filter>Header Files</Filter>
    </ClInclude>
    <ClInclude Include="QEPU_Lib\core\modules\io\uart\uart.h">
      <Filter>Header Files</Filter>
    </ClInclude>
    <ClInclude Include="QEPU_Lib\core\modules\io\video\video_driver.h">
      <Filter>Header Files</Filter>
    </ClInclude>
    <ClInclude Include="QEPU_Lib\core\modules\memory\manager\memory_manager.h">
      <Filter>Header Files</Filter>
    </ClInclude>
    <ClInclude Include="QEPU_Lib\core\modules\memory\qmem\qmem.h">
      <Filter>Header Files</Filter>
    </ClInclude>
    <ClInclude Include="QEPU_Lib\core\modules\memory\sram\sram.h">
      <Filter>Header Files</Filter>
    </ClInclude>
    <ClInclude Include="QEPU_Lib\math\complex\complex.h">
      <Filter>Header Files</Filter>
    </ClInclude>
    <ClInclude Include="QEPU_Lib\math\gates\lib\entangler.h">
      <Filter>Header Files</Filter>
    </ClInclude>
    <ClInclude Include="QEPU_Lib\math\gates\lib\quantum_multiplier.h">
      <Filter>Header Files</Filter>
    </ClInclude>
  </ItemGroup>
  <ItemGroup>
    <ClCompile Include="QEPU_Simulator.cpp">
      <Filter>Source Files</Filter>
    </ClCompile>
    <ClCompile Include="QEPU_Lib\Misc\Utils\utils.cpp">
      <Filter>Source Files</Filter>
    </ClCompile>
    <ClCompile Include="QEPU_Lib\stdafx.cpp">
      <Filter>Source Files</Filter>
    </ClCompile>
    <ClCompile Include="QEPU_Lib\core\cpu\quantum_cpu\attributes.cpp">
      <Filter>Source Files</Filter>
    </ClCompile>
    <ClCompile Include="QEPU_Lib\core\cpu\quantum_cpu\flag.cpp">
      <Filter>Source Files</Filter>
    </ClCompile>
    <ClCompile Include="QEPU_Lib\core\cpu\quantum_cpu\interrupts.cpp">
      <Filter>Source Files</Filter>
    </ClCompile>
    <ClCompile Include="QEPU_Lib\core\cpu\quantum_cpu\jumpstack.cpp">
      <Filter>Source Files</Filter>
    </ClCompile>
    <ClCompile Include="QEPU_Lib\core\cpu\quantum_cpu\qepu.cpp">
      <Filter>Source Files</Filter>
    </ClCompile>
    <ClCompile Include="QEPU_Lib\core\modules\io\i2c\eeprom\eeprom.cpp">
      <Filter>Source Files</Filter>
    </ClCompile>
    <ClCompile Include="QEPU_Lib\core\modules\io\keyboard\keyboard.cpp">
      <Filter>Source Files</Filter>
    </ClCompile>
    <ClCompile Include="QEPU_Lib\core\modules\io\uart\uart.cpp">
      <Filter>Source Files</Filter>
    </ClCompile>
    <ClCompile Include="QEPU_Lib\core\modules\io\video\video_driver.cpp">
      <Filter>Source Files</Filter>
    </ClCompile>
    <ClCompile Include="QEPU_Lib\core\modules\memory\manager\memory_manager.cpp">
      <Filter>Source Files</Filter>
    </ClCompile>
    <ClCompile Include="QEPU_Lib\core\modules\memory\qmem\qmem.cpp">
      <Filter>Source Files</Filter>
    </ClCompile>
    <ClCompile Include="QEPU_Lib\core\modules\memory\sram\sram.cpp">
      <Filter>Source Files</Filter>
    </ClCompile>
    <ClCompile Include="QEPU_Lib\math\complex\complex.cpp">
      <Filter>Source Files</Filter>
    </ClCompile>
    <ClCompile Include="QEPU_Lib\math\gates\classical\classical_gates.cpp">
      <Filter>Source Files</Filter>
    </ClCompile>
    <ClCompile Include="QEPU_Lib\math\gates\lib\entangler.cpp">
      <Filter>Source Files</Filter>
    </ClCompile>
    <ClCompile Include="QEPU_Lib\math\gates\lib\quantum_multiplier.cpp">
      <Filter>Source Files</Filter>
    </ClCompile>
    <ClCompile Include="QEPU_Lib\math\gates\quantum\quantum_gates.cpp">
      <Filter>Source Files</Filter>
    </ClCompile>
  </ItemGroup>
  <ItemGroup>
    <None Include="QEPU_Lib\core\modules\io\keyboard\README.md" />
    <None Include="QEPU_Lib\core\modules\io\video\README.md" />
  </ItemGroup>
</Project>